{
  "name": "tech-interview-copilot",
  "version": "1.0.0",
  "lockfileVersion": 3,
  "requires": true,
  "packages": {
    "": {
      "name": "tech-interview-copilot",
      "version": "1.0.0",
      "license": "MIT",
      "dependencies": {
        "@gitchrisqueen/copilot-core": "github:gitchrisqueen/copilot-core#v0.1.0"
      }
    },
    "node_modules/@gitchrisqueen/copilot-core": {
      "version": "0.1.0",
      "resolved": "git+ssh://git@github.com/gitchrisqueen/copilot-core.git#f5dce29609f418bbc542419979d0c17bab46a299",
      "license": "MIT",
      "engines": {
        "node": ">=18"
      }
    }
  }
}
