{
  "name": "tech-interview-copilot",
  "version": "1.0.0",
  "lockfileVersion": 3,
  "requires": true,
  "packages": {
    "": {
      "name": "tech-interview-copilot",
      "version": "1.0.0",
      "license": "MIT",
      "dependencies": {
        "@gitchrisqueen/copilot-core": "github:gitchrisqueen/copilot-core#v0.1.1"
      }
    },
    "node_modules/@gitchrisqueen/copilot-core": {
      "version": "0.1.1",
      "resolved": "git+ssh://git@github.com/gitchrisqueen/copilot-core.git#6ff83c2365dd55cca77d7cf9f1cb5cdf744f7986",
      "integrity": "sha512-lbBkiWUenxDZepsMxOQvaFAraPffHt+WIStamoHY9ah4J/gFwP2kE97szx12Ift+p57m1LV9iA+KzV8qSTAdFQ==",
      "license": "MIT",
      "engines": {
        "node": ">=18"
      }
    }
  }
}
